
Microsoft Visual Studio Solution File, Format Version 12.00
# Visual Studio 15
Project("{FAE04EC0-301F-11D3-BF4B-00C04F79EFBC}") = "ToDoApi", "ToDoApi\ToDoApi.csproj", "{E86FF2DC-BB67-4167-8EE9-E7D25442BA65}"
EndProject
Global
	GlobalSection(SolutionConfigurationPlatforms) = preSolution
		Debug|Any CPU = Debug|Any CPU
		Release|Any CPU = Release|Any CPU
	EndGlobalSection
	GlobalSection(ProjectConfigurationPlatforms) = postSolution
		{E86FF2DC-BB67-4167-8EE9-E7D25442BA65}.Debug|Any CPU.ActiveCfg = Debug|Any CPU
		{E86FF2DC-BB67-4167-8EE9-E7D25442BA65}.Debug|Any CPU.Build.0 = Debug|Any CPU
		{E86FF2DC-BB67-4167-8EE9-E7D25442BA65}.Release|Any CPU.ActiveCfg = Release|Any CPU
		{E86FF2DC-BB67-4167-8EE9-E7D25442BA65}.Release|Any CPU.Build.0 = Release|Any CPU
	EndGlobalSection
EndGlobal
